
Microsoft Visual Studio Solution File, Format Version 12.00
# Visual Studio Version 17
VisualStudioVersion = 17.4.33205.214
MinimumVisualStudioVersion = 10.0.40219.1
Project("{FAE04EC0-301F-11D3-BF4B-00C04F79EFBC}") = "SistemaConecsa", "SistemaConecsa\SistemaConecsa.csproj", "{B7E7FF59-2550-466F-86DB-FB66DF29D9B6}"
EndProject
Global
	GlobalSection(SolutionConfigurationPlatforms) = preSolution
		Debug|Any CPU = Debug|Any CPU
		Release|Any CPU = Release|Any CPU
	EndGlobalSection
	GlobalSection(ProjectConfigurationPlatforms) = postSolution
		{B7E7FF59-2550-466F-86DB-FB66DF29D9B6}.Debug|Any CPU.ActiveCfg = Debug|Any CPU
		{B7E7FF59-2550-466F-86DB-FB66DF29D9B6}.Debug|Any CPU.Build.0 = Debug|Any CPU
		{B7E7FF59-2550-466F-86DB-FB66DF29D9B6}.Release|Any CPU.ActiveCfg = Release|Any CPU
		{B7E7FF59-2550-466F-86DB-FB66DF29D9B6}.Release|Any CPU.Build.0 = Release|Any CPU
	EndGlobalSection
	GlobalSection(SolutionProperties) = preSolution
		HideSolutionNode = FALSE
	EndGlobalSection
	GlobalSection(ExtensibilityGlobals) = postSolution
		SolutionGuid = {BFF23DD3-39F8-4F4A-AFD5-035D20A7703E}
	EndGlobalSection
EndGlobal
